
Microsoft Visual Studio Solution File, Format Version 12.00
# Visual Studio 15
VisualStudioVersion = 15.0.28307.572
MinimumVisualStudioVersion = 10.0.40219.1
Project("{FAE04EC0-301F-11D3-BF4B-00C04F79EFBC}") = "PowerFeedbackClientServer", "PowerFeedbackClientServer\PowerFeedbackClientServer.csproj", "{234518B7-171C-4E87-8573-A78FB5141548}"
EndProject
Global
	GlobalSection(SolutionConfigurationPlatforms) = preSolution
		Debug|Any CPU = Debug|Any CPU
		Release|Any CPU = Release|Any CPU
	EndGlobalSection
	GlobalSection(ProjectConfigurationPlatforms) = postSolution
		{234518B7-171C-4E87-8573-A78FB5141548}.Debug|Any CPU.ActiveCfg = Debug|Any CPU
		{234518B7-171C-4E87-8573-A78FB5141548}.Debug|Any CPU.Build.0 = Debug|Any CPU
		{234518B7-171C-4E87-8573-A78FB5141548}.Release|Any CPU.ActiveCfg = Release|Any CPU
		{234518B7-171C-4E87-8573-A78FB5141548}.Release|Any CPU.Build.0 = Release|Any CPU
	EndGlobalSection
	GlobalSection(SolutionProperties) = preSolution
		HideSolutionNode = FALSE
	EndGlobalSection
	GlobalSection(ExtensibilityGlobals) = postSolution
		SolutionGuid = {FEB55F35-5E05-4726-85FE-E163456CBD6C}
	EndGlobalSection
EndGlobal
